// !$*UTF8*$!
{
	archiveVersion = 1;
	classes = {
	};
	objectVersion = 52;
	objects = {

/* Begin PBXBuildFile section */
		009B49C527050CAF00515AB4 /* CategoriesList.swift in Sources */ = {isa = PBXBuildFile; fileRef = 009B49C427050CAF00515AB4 /* CategoriesList.swift */; };
		009B49C9270511B200515AB4 /* CategoryCell.swift in Sources */ = {isa = PBXBuildFile; fileRef = 009B49C8270511B200515AB4 /* CategoryCell.swift */; };
		009B49CE2705198A00515AB4 /* JeopardyModel in Frameworks */ = {isa = PBXBuildFile; productRef = 009B49CD2705198A00515AB4 /* JeopardyModel */; };
		009B49D42705EE3800515AB4 /* CluesGrid.swift in Sources */ = {isa = PBXBuildFile; fileRef = 009B49D32705EE3800515AB4 /* CluesGrid.swift */; };
		009B49D62705EFAF00515AB4 /* CategoriesViewModel.swift in Sources */ = {isa = PBXBuildFile; fileRef = 009B49D52705EFAF00515AB4 /* CategoriesViewModel.swift */; };
		009B49DB2707388D00515AB4 /* CluesGridViewModel.swift in Sources */ = {isa = PBXBuildFile; fileRef = 009B49DA2707388D00515AB4 /* CluesGridViewModel.swift */; };
		009B49DD270751C200515AB4 /* QuestionView.swift in Sources */ = {isa = PBXBuildFile; fileRef = 009B49DC270751C200515AB4 /* QuestionView.swift */; };
		009B49DF2707562000515AB4 /* GameViewModel.swift in Sources */ = {isa = PBXBuildFile; fileRef = 009B49DE2707562000515AB4 /* GameViewModel.swift */; };
		00A213B0270A78B300D2CC1A /* FinalJeopardyView.swift in Sources */ = {isa = PBXBuildFile; fileRef = 00A213AF270A78B300D2CC1A /* FinalJeopardyView.swift */; };
		00A213B2270A84E000D2CC1A /* QuestionViewModel.swift in Sources */ = {isa = PBXBuildFile; fileRef = 00A213B1270A84E000D2CC1A /* QuestionViewModel.swift */; };
		00A213B4270A8A9C00D2CC1A /* FinalJeopardyViewModel.swift in Sources */ = {isa = PBXBuildFile; fileRef = 00A213B3270A8A9C00D2CC1A /* FinalJeopardyViewModel.swift */; };
		00A213B6270B471100D2CC1A /* GameService.swift in Sources */ = {isa = PBXBuildFile; fileRef = 00A213B5270B471100D2CC1A /* GameService.swift */; };
		00A213B8270B47CF00D2CC1A /* Endpoint.swift in Sources */ = {isa = PBXBuildFile; fileRef = 00A213B7270B47CF00D2CC1A /* Endpoint.swift */; };
		00C311052704820B0068B350 /* JeopardyAppApp.swift in Sources */ = {isa = PBXBuildFile; fileRef = 00C311042704820B0068B350 /* JeopardyAppApp.swift */; };
		00C311072704820B0068B350 /* ContentView.swift in Sources */ = {isa = PBXBuildFile; fileRef = 00C311062704820B0068B350 /* ContentView.swift */; };
		00C311092704820D0068B350 /* Assets.xcassets in Resources */ = {isa = PBXBuildFile; fileRef = 00C311082704820D0068B350 /* Assets.xcassets */; };
		00C3110C2704820D0068B350 /* Preview Assets.xcassets in Resources */ = {isa = PBXBuildFile; fileRef = 00C3110B2704820D0068B350 /* Preview Assets.xcassets */; };
		00C31114270482990068B350 /* ClueCell.swift in Sources */ = {isa = PBXBuildFile; fileRef = 00C31113270482990068B350 /* ClueCell.swift */; };
		00C3111C2704A7830068B350 /* GameView.swift in Sources */ = {isa = PBXBuildFile; fileRef = 00C3111B2704A7830068B350 /* GameView.swift */; };
/* End PBXBuildFile section */

/* Begin PBXFileReference section */
		009B49C427050CAF00515AB4 /* CategoriesList.swift */ = {isa = PBXFileReference; lastKnownFileType = sourcecode.swift; path = CategoriesList.swift; sourceTree = "<group>"; };
		009B49C8270511B200515AB4 /* CategoryCell.swift */ = {isa = PBXFileReference; lastKnownFileType = sourcecode.swift; path = CategoryCell.swift; sourceTree = "<group>"; };
		009B49D22705BB9500515AB4 /* JeopardyModel */ = {isa = PBXFileReference; lastKnownFileType = folder; path = JeopardyModel; sourceTree = "<group>"; };
		009B49D32705EE3800515AB4 /* CluesGrid.swift */ = {isa = PBXFileReference; lastKnownFileType = sourcecode.swift; path = CluesGrid.swift; sourceTree = "<group>"; };
		009B49D52705EFAF00515AB4 /* CategoriesViewModel.swift */ = {isa = PBXFileReference; lastKnownFileType = sourcecode.swift; path = CategoriesViewModel.swift; sourceTree = "<group>"; };
		009B49DA2707388D00515AB4 /* CluesGridViewModel.swift */ = {isa = PBXFileReference; lastKnownFileType = sourcecode.swift; path = CluesGridViewModel.swift; sourceTree = "<group>"; };
		009B49DC270751C200515AB4 /* QuestionView.swift */ = {isa = PBXFileReference; lastKnownFileType = sourcecode.swift; path = QuestionView.swift; sourceTree = "<group>"; };
		009B49DE2707562000515AB4 /* GameViewModel.swift */ = {isa = PBXFileReference; lastKnownFileType = sourcecode.swift; path = GameViewModel.swift; sourceTree = "<group>"; };
		00A213AF270A78B300D2CC1A /* FinalJeopardyView.swift */ = {isa = PBXFileReference; lastKnownFileType = sourcecode.swift; path = FinalJeopardyView.swift; sourceTree = "<group>"; };
		00A213B1270A84E000D2CC1A /* QuestionViewModel.swift */ = {isa = PBXFileReference; lastKnownFileType = sourcecode.swift; path = QuestionViewModel.swift; sourceTree = "<group>"; };
		00A213B3270A8A9C00D2CC1A /* FinalJeopardyViewModel.swift */ = {isa = PBXFileReference; lastKnownFileType = sourcecode.swift; path = FinalJeopardyViewModel.swift; sourceTree = "<group>"; };
		00A213B5270B471100D2CC1A /* GameService.swift */ = {isa = PBXFileReference; lastKnownFileType = sourcecode.swift; path = GameService.swift; sourceTree = "<group>"; };
		00A213B7270B47CF00D2CC1A /* Endpoint.swift */ = {isa = PBXFileReference; lastKnownFileType = sourcecode.swift; path = Endpoint.swift; sourceTree = "<group>"; };
		00C311012704820B0068B350 /* JeopardyApp.app */ = {isa = PBXFileReference; explicitFileType = wrapper.application; includeInIndex = 0; path = JeopardyApp.app; sourceTree = BUILT_PRODUCTS_DIR; };
		00C311042704820B0068B350 /* JeopardyAppApp.swift */ = {isa = PBXFileReference; lastKnownFileType = sourcecode.swift; path = JeopardyAppApp.swift; sourceTree = "<group>"; };
		00C311062704820B0068B350 /* ContentView.swift */ = {isa = PBXFileReference; lastKnownFileType = sourcecode.swift; path = ContentView.swift; sourceTree = "<group>"; };
		00C311082704820D0068B350 /* Assets.xcassets */ = {isa = PBXFileReference; lastKnownFileType = folder.assetcatalog; path = Assets.xcassets; sourceTree = "<group>"; };
		00C3110B2704820D0068B350 /* Preview Assets.xcassets */ = {isa = PBXFileReference; lastKnownFileType = folder.assetcatalog; path = "Preview Assets.xcassets"; sourceTree = "<group>"; };
		00C3110D2704820D0068B350 /* Info.plist */ = {isa = PBXFileReference; lastKnownFileType = text.plist.xml; path = Info.plist; sourceTree = "<group>"; };
		00C31113270482990068B350 /* ClueCell.swift */ = {isa = PBXFileReference; lastKnownFileType = sourcecode.swift; path = ClueCell.swift; sourceTree = "<group>"; };
		00C3111B2704A7830068B350 /* GameView.swift */ = {isa = PBXFileReference; lastKnownFileType = sourcecode.swift; path = GameView.swift; sourceTree = "<group>"; };
/* End PBXFileReference section */

/* Begin PBXFrameworksBuildPhase section */
		00C310FE2704820B0068B350 /* Frameworks */ = {
			isa = PBXFrameworksBuildPhase;
			buildActionMask = 2147483647;
			files = (
				009B49CE2705198A00515AB4 /* JeopardyModel in Frameworks */,
			);
			runOnlyForDeploymentPostprocessing = 0;
		};
/* End PBXFrameworksBuildPhase section */

/* Begin PBXGroup section */
		009B49CC2705198A00515AB4 /* Frameworks */ = {
			isa = PBXGroup;
			children = (
			);
			name = Frameworks;
			sourceTree = "<group>";
		};
		009B49D82707386100515AB4 /* Views */ = {
			isa = PBXGroup;
			children = (
				00C3111B2704A7830068B350 /* GameView.swift */,
				009B49C427050CAF00515AB4 /* CategoriesList.swift */,
				009B49C8270511B200515AB4 /* CategoryCell.swift */,
				009B49D32705EE3800515AB4 /* CluesGrid.swift */,
				00C31113270482990068B350 /* ClueCell.swift */,
				009B49DC270751C200515AB4 /* QuestionView.swift */,
				00A213AF270A78B300D2CC1A /* FinalJeopardyView.swift */,
			);
			path = Views;
			sourceTree = "<group>";
		};
		009B49D92707387C00515AB4 /* ViewModels */ = {
			isa = PBXGroup;
			children = (
				009B49DE2707562000515AB4 /* GameViewModel.swift */,
				009B49D52705EFAF00515AB4 /* CategoriesViewModel.swift */,
				009B49DA2707388D00515AB4 /* CluesGridViewModel.swift */,
				00A213B1270A84E000D2CC1A /* QuestionViewModel.swift */,
				00A213B3270A8A9C00D2CC1A /* FinalJeopardyViewModel.swift */,
			);
			path = ViewModels;
			sourceTree = "<group>";
		};
		00C310F82704820B0068B350 = {
			isa = PBXGroup;
			children = (
				009B49D22705BB9500515AB4 /* JeopardyModel */,
				00C311032704820B0068B350 /* JeopardyApp */,
				00C311022704820B0068B350 /* Products */,
				009B49CC2705198A00515AB4 /* Frameworks */,
			);
			sourceTree = "<group>";
		};
		00C311022704820B0068B350 /* Products */ = {
			isa = PBXGroup;
			children = (
				00C311012704820B0068B350 /* JeopardyApp.app */,
			);
			name = Products;
			sourceTree = "<group>";
		};
		00C311032704820B0068B350 /* JeopardyApp */ = {
			isa = PBXGroup;
			children = (
				009B49D82707386100515AB4 /* Views */,
				009B49D92707387C00515AB4 /* ViewModels */,
				00C311042704820B0068B350 /* JeopardyAppApp.swift */,
				00C311062704820B0068B350 /* ContentView.swift */,
				00C311082704820D0068B350 /* Assets.xcassets */,
				00C3110D2704820D0068B350 /* Info.plist */,
				00C3110A2704820D0068B350 /* Preview Content */,
				00A213B5270B471100D2CC1A /* GameService.swift */,
				00A213B7270B47CF00D2CC1A /* Endpoint.swift */,
			);
			path = JeopardyApp;
			sourceTree = "<group>";
		};
		00C3110A2704820D0068B350 /* Preview Content */ = {
			isa = PBXGroup;
			children = (
				00C3110B2704820D0068B350 /* Preview Assets.xcassets */,
			);
			path = "Preview Content";
			sourceTree = "<group>";
		};
/* End PBXGroup section */

/* Begin PBXNativeTarget section */
		00C311002704820B0068B350 /* JeopardyApp */ = {
			isa = PBXNativeTarget;
			buildConfigurationList = 00C311102704820D0068B350 /* Build configuration list for PBXNativeTarget "JeopardyApp" */;
			buildPhases = (
				00C310FD2704820B0068B350 /* Sources */,
				00C310FE2704820B0068B350 /* Frameworks */,
				00C310FF2704820B0068B350 /* Resources */,
			);
			buildRules = (
			);
			dependencies = (
			);
			name = JeopardyApp;
			packageProductDependencies = (
				009B49CD2705198A00515AB4 /* JeopardyModel */,
			);
			productName = JeopardyApp;
			productReference = 00C311012704820B0068B350 /* JeopardyApp.app */;
			productType = "com.apple.product-type.application";
		};
/* End PBXNativeTarget section */

/* Begin PBXProject section */
		00C310F92704820B0068B350 /* Project object */ = {
			isa = PBXProject;
			attributes = {
				LastSwiftUpdateCheck = 1250;
				LastUpgradeCheck = 1250;
				TargetAttributes = {
					00C311002704820B0068B350 = {
						CreatedOnToolsVersion = 12.5.1;
					};
				};
			};
			buildConfigurationList = 00C310FC2704820B0068B350 /* Build configuration list for PBXProject "JeopardyApp" */;
			compatibilityVersion = "Xcode 9.3";
			developmentRegion = en;
			hasScannedForEncodings = 0;
			knownRegions = (
				en,
				Base,
			);
			mainGroup = 00C310F82704820B0068B350;
			productRefGroup = 00C311022704820B0068B350 /* Products */;
			projectDirPath = "";
			projectRoot = "";
			targets = (
				00C311002704820B0068B350 /* JeopardyApp */,
			);
		};
/* End PBXProject section */

/* Begin PBXResourcesBuildPhase section */
		00C310FF2704820B0068B350 /* Resources */ = {
			isa = PBXResourcesBuildPhase;
			buildActionMask = 2147483647;
			files = (
				00C3110C2704820D0068B350 /* Preview Assets.xcassets in Resources */,
				00C311092704820D0068B350 /* Assets.xcassets in Resources */,
			);
			runOnlyForDeploymentPostprocessing = 0;
		};
/* End PBXResourcesBuildPhase section */

/* Begin PBXSourcesBuildPhase section */
		00C310FD2704820B0068B350 /* Sources */ = {
			isa = PBXSourcesBuildPhase;
			buildActionMask = 2147483647;
			files = (
				009B49DF2707562000515AB4 /* GameViewModel.swift in Sources */,
				009B49C527050CAF00515AB4 /* CategoriesList.swift in Sources */,
				00C3111C2704A7830068B350 /* GameView.swift in Sources */,
				00C311072704820B0068B350 /* ContentView.swift in Sources */,
				00A213B0270A78B300D2CC1A /* FinalJeopardyView.swift in Sources */,
				00A213B6270B471100D2CC1A /* GameService.swift in Sources */,
				00C311052704820B0068B350 /* JeopardyAppApp.swift in Sources */,
				009B49D42705EE3800515AB4 /* CluesGrid.swift in Sources */,
				00A213B2270A84E000D2CC1A /* QuestionViewModel.swift in Sources */,
				00C31114270482990068B350 /* ClueCell.swift in Sources */,
				00A213B4270A8A9C00D2CC1A /* FinalJeopardyViewModel.swift in Sources */,
				009B49DD270751C200515AB4 /* QuestionView.swift in Sources */,
				009B49DB2707388D00515AB4 /* CluesGridViewModel.swift in Sources */,
				009B49D62705EFAF00515AB4 /* CategoriesViewModel.swift in Sources */,
				00A213B8270B47CF00D2CC1A /* Endpoint.swift in Sources */,
				009B49C9270511B200515AB4 /* CategoryCell.swift in Sources */,
			);
			runOnlyForDeploymentPostprocessing = 0;
		};
/* End PBXSourcesBuildPhase section */

/* Begin XCBuildConfiguration section */
		00C3110E2704820D0068B350 /* Debug */ = {
			isa = XCBuildConfiguration;
			buildSettings = {
				ALWAYS_SEARCH_USER_PATHS = NO;
				CLANG_ANALYZER_NONNULL = YES;
				CLANG_ANALYZER_NUMBER_OBJECT_CONVERSION = YES_AGGRESSIVE;
				CLANG_CXX_LANGUAGE_STANDARD = "gnu++14";
				CLANG_CXX_LIBRARY = "libc++";
				CLANG_ENABLE_MODULES = YES;
				CLANG_ENABLE_OBJC_ARC = YES;
				CLANG_ENABLE_OBJC_WEAK = YES;
				CLANG_WARN_BLOCK_CAPTURE_AUTORELEASING = YES;
				CLANG_WARN_BOOL_CONVERSION = YES;
				CLANG_WARN_COMMA = YES;
				CLANG_WARN_CONSTANT_CONVERSION = YES;
				CLANG_WARN_DEPRECATED_OBJC_IMPLEMENTATIONS = YES;
				CLANG_WARN_DIRECT_OBJC_ISA_USAGE = YES_ERROR;
				CLANG_WARN_DOCUMENTATION_COMMENTS = YES;
				CLANG_WARN_EMPTY_BODY = YES;
				CLANG_WARN_ENUM_CONVERSION = YES;
				CLANG_WARN_INFINITE_RECURSION = YES;
				CLANG_WARN_INT_CONVERSION = YES;
				CLANG_WARN_NON_LITERAL_NULL_CONVERSION = YES;
				CLANG_WARN_OBJC_IMPLICIT_RETAIN_SELF = YES;
				CLANG_WARN_OBJC_LITERAL_CONVERSION = YES;
				CLANG_WARN_OBJC_ROOT_CLASS = YES_ERROR;
				CLANG_WARN_QUOTED_INCLUDE_IN_FRAMEWORK_HEADER = YES;
				CLANG_WARN_RANGE_LOOP_ANALYSIS = YES;
				CLANG_WARN_STRICT_PROTOTYPES = YES;
				CLANG_WARN_SUSPICIOUS_MOVE = YES;
				CLANG_WARN_UNGUARDED_AVAILABILITY = YES_AGGRESSIVE;
				CLANG_WARN_UNREACHABLE_CODE = YES;
				CLANG_WARN__DUPLICATE_METHOD_MATCH = YES;
				COPY_PHASE_STRIP = NO;
				DEBUG_INFORMATION_FORMAT = dwarf;
				ENABLE_STRICT_OBJC_MSGSEND = YES;
				ENABLE_TESTABILITY = YES;
				GCC_C_LANGUAGE_STANDARD = gnu11;
				GCC_DYNAMIC_NO_PIC = NO;
				GCC_NO_COMMON_BLOCKS = YES;
				GCC_OPTIMIZATION_LEVEL = 0;
				GCC_PREPROCESSOR_DEFINITIONS = (
					"DEBUG=1",
					"$(inherited)",
				);
				GCC_WARN_64_TO_32_BIT_CONVERSION = YES;
				GCC_WARN_ABOUT_RETURN_TYPE = YES_ERROR;
				GCC_WARN_UNDECLARED_SELECTOR = YES;
				GCC_WARN_UNINITIALIZED_AUTOS = YES_AGGRESSIVE;
				GCC_WARN_UNUSED_FUNCTION = YES;
				GCC_WARN_UNUSED_VARIABLE = YES;
				IPHONEOS_DEPLOYMENT_TARGET = 15.0;
				MTL_ENABLE_DEBUG_INFO = INCLUDE_SOURCE;
				MTL_FAST_MATH = YES;
				ONLY_ACTIVE_ARCH = YES;
				SDKROOT = iphoneos;
				SWIFT_ACTIVE_COMPILATION_CONDITIONS = DEBUG;
				SWIFT_OPTIMIZATION_LEVEL = "-Onone";
			};
			name = Debug;
		};
		00C3110F2704820D0068B350 /* Release */ = {
			isa = XCBuildConfiguration;
			buildSettings = {
				ALWAYS_SEARCH_USER_PATHS = NO;
				CLANG_ANALYZER_NONNULL = YES;
				CLANG_ANALYZER_NUMBER_OBJECT_CONVERSION = YES_AGGRESSIVE;
				CLANG_CXX_LANGUAGE_STANDARD = "gnu++14";
				CLANG_CXX_LIBRARY = "libc++";
				CLANG_ENABLE_MODULES = YES;
				CLANG_ENABLE_OBJC_ARC = YES;
				CLANG_ENABLE_OBJC_WEAK = YES;
				CLANG_WARN_BLOCK_CAPTURE_AUTORELEASING = YES;
				CLANG_WARN_BOOL_CONVERSION = YES;
				CLANG_WARN_COMMA = YES;
				CLANG_WARN_CONSTANT_CONVERSION = YES;
				CLANG_WARN_DEPRECATED_OBJC_IMPLEMENTATIONS = YES;
				CLANG_WARN_DIRECT_OBJC_ISA_USAGE = YES_ERROR;
				CLANG_WARN_DOCUMENTATION_COMMENTS = YES;
				CLANG_WARN_EMPTY_BODY = YES;
				CLANG_WARN_ENUM_CONVERSION = YES;
				CLANG_WARN_INFINITE_RECURSION = YES;
				CLANG_WARN_INT_CONVERSION = YES;
				CLANG_WARN_NON_LITERAL_NULL_CONVERSION = YES;
				CLANG_WARN_OBJC_IMPLICIT_RETAIN_SELF = YES;
				CLANG_WARN_OBJC_LITERAL_CONVERSION = YES;
				CLANG_WARN_OBJC_ROOT_CLASS = YES_ERROR;
				CLANG_WARN_QUOTED_INCLUDE_IN_FRAMEWORK_HEADER = YES;
				CLANG_WARN_RANGE_LOOP_ANALYSIS = YES;
				CLANG_WARN_STRICT_PROTOTYPES = YES;
				CLANG_WARN_SUSPICIOUS_MOVE = YES;
				CLANG_WARN_UNGUARDED_AVAILABILITY = YES_AGGRESSIVE;
				CLANG_WARN_UNREACHABLE_CODE = YES;
				CLANG_WARN__DUPLICATE_METHOD_MATCH = YES;
				COPY_PHASE_STRIP = NO;
				DEBUG_INFORMATION_FORMAT = "dwarf-with-dsym";
				ENABLE_NS_ASSERTIONS = NO;
				ENABLE_STRICT_OBJC_MSGSEND = YES;
				GCC_C_LANGUAGE_STANDARD = gnu11;
				GCC_NO_COMMON_BLOCKS = YES;
				GCC_WARN_64_TO_32_BIT_CONVERSION = YES;
				GCC_WARN_ABOUT_RETURN_TYPE = YES_ERROR;
				GCC_WARN_UNDECLARED_SELECTOR = YES;
				GCC_WARN_UNINITIALIZED_AUTOS = YES_AGGRESSIVE;
				GCC_WARN_UNUSED_FUNCTION = YES;
				GCC_WARN_UNUSED_VARIABLE = YES;
				IPHONEOS_DEPLOYMENT_TARGET = 15.0;
				MTL_ENABLE_DEBUG_INFO = NO;
				MTL_FAST_MATH = YES;
				SDKROOT = iphoneos;
				SWIFT_COMPILATION_MODE = wholemodule;
				SWIFT_OPTIMIZATION_LEVEL = "-O";
				VALIDATE_PRODUCT = YES;
			};
			name = Release;
		};
		00C311112704820D0068B350 /* Debug */ = {
			isa = XCBuildConfiguration;
			buildSettings = {
				ASSETCATALOG_COMPILER_APPICON_NAME = AppIcon;
				ASSETCATALOG_COMPILER_GLOBAL_ACCENT_COLOR_NAME = AccentColor;
				CODE_SIGN_STYLE = Automatic;
				DEVELOPMENT_ASSET_PATHS = "\"JeopardyApp/Preview Content\"";
				DEVELOPMENT_TEAM = 7PLLZ436SG;
				ENABLE_PREVIEWS = YES;
				INFOPLIST_FILE = JeopardyApp/Info.plist;
				IPHONEOS_DEPLOYMENT_TARGET = 15.0;
				LD_RUNPATH_SEARCH_PATHS = (
					"$(inherited)",
					"@executable_path/Frameworks",
				);
				PRODUCT_BUNDLE_IDENTIFIER = de.tum.in.ase.JeopardyApp;
				PRODUCT_NAME = "$(TARGET_NAME)";
				SWIFT_VERSION = 5.0;
				TARGETED_DEVICE_FAMILY = "1,2";
			};
			name = Debug;
		};
		00C311122704820D0068B350 /* Release */ = {
			isa = XCBuildConfiguration;
			buildSettings = {
				ASSETCATALOG_COMPILER_APPICON_NAME = AppIcon;
				ASSETCATALOG_COMPILER_GLOBAL_ACCENT_COLOR_NAME = AccentColor;
				CODE_SIGN_STYLE = Automatic;
				DEVELOPMENT_ASSET_PATHS = "\"JeopardyApp/Preview Content\"";
				DEVELOPMENT_TEAM = 7PLLZ436SG;
				ENABLE_PREVIEWS = YES;
				INFOPLIST_FILE = JeopardyApp/Info.plist;
				IPHONEOS_DEPLOYMENT_TARGET = 15.0;
				LD_RUNPATH_SEARCH_PATHS = (
					"$(inherited)",
					"@executable_path/Frameworks",
				);
				PRODUCT_BUNDLE_IDENTIFIER = de.tum.in.ase.JeopardyApp;
				PRODUCT_NAME = "$(TARGET_NAME)";
				SWIFT_VERSION = 5.0;
				TARGETED_DEVICE_FAMILY = "1,2";
			};
			name = Release;
		};
/* End XCBuildConfiguration section */

/* Begin XCConfigurationList section */
		00C310FC2704820B0068B350 /* Build configuration list for PBXProject "JeopardyApp" */ = {
			isa = XCConfigurationList;
			buildConfigurations = (
				00C3110E2704820D0068B350 /* Debug */,
				00C3110F2704820D0068B350 /* Release */,
			);
			defaultConfigurationIsVisible = 0;
			defaultConfigurationName = Release;
		};
		00C311102704820D0068B350 /* Build configuration list for PBXNativeTarget "JeopardyApp" */ = {
			isa = XCConfigurationList;
			buildConfigurations = (
				00C311112704820D0068B350 /* Debug */,
				00C311122704820D0068B350 /* Release */,
			);
			defaultConfigurationIsVisible = 0;
			defaultConfigurationName = Release;
		};
/* End XCConfigurationList section */

/* Begin XCSwiftPackageProductDependency section */
		009B49CD2705198A00515AB4 /* JeopardyModel */ = {
			isa = XCSwiftPackageProductDependency;
			productName = JeopardyModel;
		};
/* End XCSwiftPackageProductDependency section */
	};
	rootObject = 00C310F92704820B0068B350 /* Project object */;
}
